DEPENDENCIES
  flower
    path: .
    metadata: true
  rabbitmq (~> 3.3.0)
  redisio (~> 2.2.4)

GRAPH
  apt (2.6.0)
  build-essential (2.1.2)
  erlang (1.5.6)
    apt (>= 1.7.0)
    build-essential (>= 0.0.0)
    yum (~> 3.0)
    yum-epel (>= 0.0.0)
    yum-erlang_solutions (>= 0.0.0)
  flower (1.0.0)
    python (>= 0.0.0)
  python (1.4.6)
    build-essential (>= 0.0.0)
    yum-epel (>= 0.0.0)
  rabbitmq (3.3.0)
    erlang (>= 0.9)
  redisio (2.2.4)
    build-essential (>= 0.0.0)
    ulimit (>= 0.1.2)
  ulimit (0.3.2)
  yum (3.4.1)
  yum-epel (0.5.2)
    yum (~> 3.0)
  yum-erlang_solutions (0.2.0)
    yum (~> 3.0)
